# This file is automatically @generated by Cargo.
# It is not intended for manual editing.
[[package]]
name = "bitflags"
version = "1.3.2"
source = "registry+https://github.com/rust-lang/crates.io-index"

[[package]]
name = "byteorder"
version = "1.4.3"
source = "registry+https://github.com/rust-lang/crates.io-index"

[[package]]
name = "cfg-if"
version = "1.0.0"
source = "registry+https://github.com/rust-lang/crates.io-index"

[[package]]
name = "fastrand"
version = "1.8.0"
source = "registry+https://github.com/rust-lang/crates.io-index"
dependencies = [
 "instant 0.1.12 (registry+https://github.com/rust-lang/crates.io-index)",
]

[[package]]
name = "fuse-cow-block"
version = "0.1.0"
dependencies = [
 "fuser 0.11.1 (registry+https://github.com/rust-lang/crates.io-index)",
 "libc 0.2.132 (registry+https://github.com/rust-lang/crates.io-index)",
 "tempfile 3.3.0 (registry+https://github.com/rust-lang/crates.io-index)",
]

[[package]]
name = "fuser"
version = "0.11.1"
source = "registry+https://github.com/rust-lang/crates.io-index"
dependencies = [
 "libc 0.2.132 (registry+https://github.com/rust-lang/crates.io-index)",
 "log 0.4.17 (registry+https://github.com/rust-lang/crates.io-index)",
 "memchr 2.5.0 (registry+https://github.com/rust-lang/crates.io-index)",
 "page_size 0.4.2 (registry+https://github.com/rust-lang/crates.io-index)",
 "pkg-config 0.3.25 (registry+https://github.com/rust-lang/crates.io-index)",
 "smallvec 1.9.0 (registry+https://github.com/rust-lang/crates.io-index)",
 "users 0.11.0 (registry+https://github.com/rust-lang/crates.io-index)",
 "zerocopy 0.6.1 (registry+https://github.com/rust-lang/crates.io-index)",
]

[[package]]
name = "instant"
version = "0.1.12"
source = "registry+https://github.com/rust-lang/crates.io-index"
dependencies = [
 "cfg-if 1.0.0 (registry+https://github.com/rust-lang/crates.io-index)",
]

[[package]]
name = "libc"
version = "0.2.132"
source = "registry+https://github.com/rust-lang/crates.io-index"

[[package]]
name = "log"
version = "0.4.17"
source = "registry+https://github.com/rust-lang/crates.io-index"
dependencies = [
 "cfg-if 1.0.0 (registry+https://github.com/rust-lang/crates.io-index)",
]

[[package]]
name = "memchr"
version = "2.5.0"
source = "registry+https://github.com/rust-lang/crates.io-index"

[[package]]
name = "page_size"
version = "0.4.2"
source = "registry+https://github.com/rust-lang/crates.io-index"
dependencies = [
 "libc 0.2.132 (registry+https://github.com/rust-lang/crates.io-index)",
 "winapi 0.3.9 (registry+https://github.com/rust-lang/crates.io-index)",
]

[[package]]
name = "pkg-config"
version = "0.3.25"
source = "registry+https://github.com/rust-lang/crates.io-index"

[[package]]
name = "proc-macro2"
version = "1.0.43"
source = "registry+https://github.com/rust-lang/crates.io-index"
dependencies = [
 "unicode-ident 1.0.3 (registry+https://github.com/rust-lang/crates.io-index)",
]

[[package]]
name = "quote"
version = "1.0.21"
source = "registry+https://github.com/rust-lang/crates.io-index"
dependencies = [
 "proc-macro2 1.0.43 (registry+https://github.com/rust-lang/crates.io-index)",
]

[[package]]
name = "redox_syscall"
version = "0.2.16"
source = "registry+https://github.com/rust-lang/crates.io-index"
dependencies = [
 "bitflags 1.3.2 (registry+https://github.com/rust-lang/crates.io-index)",
]

[[package]]
name = "remove_dir_all"
version = "0.5.3"
source = "registry+https://github.com/rust-lang/crates.io-index"
dependencies = [
 "winapi 0.3.9 (registry+https://github.com/rust-lang/crates.io-index)",
]

[[package]]
name = "smallvec"
version = "1.9.0"
source = "registry+https://github.com/rust-lang/crates.io-index"

[[package]]
name = "syn"
version = "1.0.99"
source = "registry+https://github.com/rust-lang/crates.io-index"
dependencies = [
 "proc-macro2 1.0.43 (registry+https://github.com/rust-lang/crates.io-index)",
 "quote 1.0.21 (registry+https://github.com/rust-lang/crates.io-index)",
 "unicode-ident 1.0.3 (registry+https://github.com/rust-lang/crates.io-index)",
]

[[package]]
name = "synstructure"
version = "0.12.6"
source = "registry+https://github.com/rust-lang/crates.io-index"
dependencies = [
 "proc-macro2 1.0.43 (registry+https://github.com/rust-lang/crates.io-index)",
 "quote 1.0.21 (registry+https://github.com/rust-lang/crates.io-index)",
 "syn 1.0.99 (registry+https://github.com/rust-lang/crates.io-index)",
 "unicode-xid 0.2.3 (registry+https://github.com/rust-lang/crates.io-index)",
]

[[package]]
name = "tempfile"
version = "3.3.0"
source = "registry+https://github.com/rust-lang/crates.io-index"
dependencies = [
 "cfg-if 1.0.0 (registry+https://github.com/rust-lang/crates.io-index)",
 "fastrand 1.8.0 (registry+https://github.com/rust-lang/crates.io-index)",
 "libc 0.2.132 (registry+https://github.com/rust-lang/crates.io-index)",
 "redox_syscall 0.2.16 (registry+https://github.com/rust-lang/crates.io-index)",
 "remove_dir_all 0.5.3 (registry+https://github.com/rust-lang/crates.io-index)",
 "winapi 0.3.9 (registry+https://github.com/rust-lang/crates.io-index)",
]

[[package]]
name = "unicode-ident"
version = "1.0.3"
source = "registry+https://github.com/rust-lang/crates.io-index"

[[package]]
name = "unicode-xid"
version = "0.2.3"
source = "registry+https://github.com/rust-lang/crates.io-index"

[[package]]
name = "users"
version = "0.11.0"
source = "registry+https://github.com/rust-lang/crates.io-index"
dependencies = [
 "libc 0.2.132 (registry+https://github.com/rust-lang/crates.io-index)",
 "log 0.4.17 (registry+https://github.com/rust-lang/crates.io-index)",
]

[[package]]
name = "winapi"
version = "0.3.9"
source = "registry+https://github.com/rust-lang/crates.io-index"
dependencies = [
 "winapi-i686-pc-windows-gnu 0.4.0 (registry+https://github.com/rust-lang/crates.io-index)",
 "winapi-x86_64-pc-windows-gnu 0.4.0 (registry+https://github.com/rust-lang/crates.io-index)",
]

[[package]]
name = "winapi-i686-pc-windows-gnu"
version = "0.4.0"
source = "registry+https://github.com/rust-lang/crates.io-index"

[[package]]
name = "winapi-x86_64-pc-windows-gnu"
version = "0.4.0"
source = "registry+https://github.com/rust-lang/crates.io-index"

[[package]]
name = "zerocopy"
version = "0.6.1"
source = "registry+https://github.com/rust-lang/crates.io-index"
dependencies = [
 "byteorder 1.4.3 (registry+https://github.com/rust-lang/crates.io-index)",
 "zerocopy-derive 0.3.1 (registry+https://github.com/rust-lang/crates.io-index)",
]

[[package]]
name = "zerocopy-derive"
version = "0.3.1"
source = "registry+https://github.com/rust-lang/crates.io-index"
dependencies = [
 "proc-macro2 1.0.43 (registry+https://github.com/rust-lang/crates.io-index)",
 "syn 1.0.99 (registry+https://github.com/rust-lang/crates.io-index)",
 "synstructure 0.12.6 (registry+https://github.com/rust-lang/crates.io-index)",
]

[metadata]
"checksum bitflags 1.3.2 (registry+https://github.com/rust-lang/crates.io-index)" = "bef38d45163c2f1dde094a7dfd33ccf595c92905c8f8f4fdc18d06fb1037718a"
"checksum byteorder 1.4.3 (registry+https://github.com/rust-lang/crates.io-index)" = "14c189c53d098945499cdfa7ecc63567cf3886b3332b312a5b4585d8d3a6a610"
"checksum cfg-if 1.0.0 (registry+https://github.com/rust-lang/crates.io-index)" = "baf1de4339761588bc0619e3cbc0120ee582ebb74b53b4efbf79117bd2da40fd"
"checksum fastrand 1.8.0 (registry+https://github.com/rust-lang/crates.io-index)" = "a7a407cfaa3385c4ae6b23e84623d48c2798d06e3e6a1878f7f59f17b3f86499"
"checksum fuser 0.11.1 (registry+https://github.com/rust-lang/crates.io-index)" = "104ed58f182bc2975062cd3fab229e82b5762de420e26cf5645f661402694599"
"checksum instant 0.1.12 (registry+https://github.com/rust-lang/crates.io-index)" = "7a5bbe824c507c5da5956355e86a746d82e0e1464f65d862cc5e71da70e94b2c"
"checksum libc 0.2.132 (registry+https://github.com/rust-lang/crates.io-index)" = "8371e4e5341c3a96db127eb2465ac681ced4c433e01dd0e938adbef26ba93ba5"
"checksum log 0.4.17 (registry+https://github.com/rust-lang/crates.io-index)" = "abb12e687cfb44aa40f41fc3978ef76448f9b6038cad6aef4259d3c095a2382e"
"checksum memchr 2.5.0 (registry+https://github.com/rust-lang/crates.io-index)" = "2dffe52ecf27772e601905b7522cb4ef790d2cc203488bbd0e2fe85fcb74566d"
"checksum page_size 0.4.2 (registry+https://github.com/rust-lang/crates.io-index)" = "eebde548fbbf1ea81a99b128872779c437752fb99f217c45245e1a61dcd9edcd"
"checksum pkg-config 0.3.25 (registry+https://github.com/rust-lang/crates.io-index)" = "1df8c4ec4b0627e53bdf214615ad287367e482558cf84b109250b37464dc03ae"
"checksum proc-macro2 1.0.43 (registry+https://github.com/rust-lang/crates.io-index)" = "0a2ca2c61bc9f3d74d2886294ab7b9853abd9c1ad903a3ac7815c58989bb7bab"
"checksum quote 1.0.21 (registry+https://github.com/rust-lang/crates.io-index)" = "bbe448f377a7d6961e30f5955f9b8d106c3f5e449d493ee1b125c1d43c2b5179"
"checksum redox_syscall 0.2.16 (registry+https://github.com/rust-lang/crates.io-index)" = "fb5a58c1855b4b6819d59012155603f0b22ad30cad752600aadfcb695265519a"
"checksum remove_dir_all 0.5.3 (registry+https://github.com/rust-lang/crates.io-index)" = "3acd125665422973a33ac9d3dd2df85edad0f4ae9b00dafb1a05e43a9f5ef8e7"
"checksum smallvec 1.9.0 (registry+https://github.com/rust-lang/crates.io-index)" = "2fd0db749597d91ff862fd1d55ea87f7855a744a8425a64695b6fca237d1dad1"
"checksum syn 1.0.99 (registry+https://github.com/rust-lang/crates.io-index)" = "58dbef6ec655055e20b86b15a8cc6d439cca19b667537ac6a1369572d151ab13"
"checksum synstructure 0.12.6 (registry+https://github.com/rust-lang/crates.io-index)" = "f36bdaa60a83aca3921b5259d5400cbf5e90fc51931376a9bd4a0eb79aa7210f"
"checksum tempfile 3.3.0 (registry+https://github.com/rust-lang/crates.io-index)" = "5cdb1ef4eaeeaddc8fbd371e5017057064af0911902ef36b39801f67cc6d79e4"
"checksum unicode-ident 1.0.3 (registry+https://github.com/rust-lang/crates.io-index)" = "c4f5b37a154999a8f3f98cc23a628d850e154479cd94decf3414696e12e31aaf"
"checksum unicode-xid 0.2.3 (registry+https://github.com/rust-lang/crates.io-index)" = "957e51f3646910546462e67d5f7599b9e4fb8acdd304b087a6494730f9eebf04"
"checksum users 0.11.0 (registry+https://github.com/rust-lang/crates.io-index)" = "24cc0f6d6f267b73e5a2cadf007ba8f9bc39c6a6f9666f8cf25ea809a153b032"
"checksum winapi 0.3.9 (registry+https://github.com/rust-lang/crates.io-index)" = "5c839a674fcd7a98952e593242ea400abe93992746761e38641405d28b00f419"
"checksum winapi-i686-pc-windows-gnu 0.4.0 (registry+https://github.com/rust-lang/crates.io-index)" = "ac3b87c63620426dd9b991e5ce0329eff545bccbbb34f3be09ff6fb6ab51b7b6"
"checksum winapi-x86_64-pc-windows-gnu 0.4.0 (registry+https://github.com/rust-lang/crates.io-index)" = "712e227841d057c1ee1cd2fb22fa7e5a5461ae8e48fa2ca79ec42cfc1931183f"
"checksum zerocopy 0.6.1 (registry+https://github.com/rust-lang/crates.io-index)" = "332f188cc1bcf1fe1064b8c58d150f497e697f49774aa846f2dc949d9a25f236"
"checksum zerocopy-derive 0.3.1 (registry+https://github.com/rust-lang/crates.io-index)" = "a0fbc82b82efe24da867ee52e015e58178684bd9dd64c34e66bdf21da2582a9f"
